
Microsoft Visual Studio Solution File, Format Version 12.00
Project("{FAE04EC0-301F-11D3-BF4B-00C04F79EFBC}") = "web_client", "web_client\web_client.csproj", "{FFFC47F2-769D-4C98-9F58-A323073E1E90}"
EndProject
Global
	GlobalSection(SolutionConfigurationPlatforms) = preSolution
		Debug|Any CPU = Debug|Any CPU
		Release|Any CPU = Release|Any CPU
	EndGlobalSection
	GlobalSection(ProjectConfigurationPlatforms) = postSolution
		{FFFC47F2-769D-4C98-9F58-A323073E1E90}.Debug|Any CPU.ActiveCfg = Debug|Any CPU
		{FFFC47F2-769D-4C98-9F58-A323073E1E90}.Debug|Any CPU.Build.0 = Debug|Any CPU
		{FFFC47F2-769D-4C98-9F58-A323073E1E90}.Release|Any CPU.ActiveCfg = Release|Any CPU
		{FFFC47F2-769D-4C98-9F58-A323073E1E90}.Release|Any CPU.Build.0 = Release|Any CPU
	EndGlobalSection
EndGlobal
